Microsoft Visual Studio Solution File, Format Version 12.00
# Visual Studio Version 17
VisualStudioVersion = 17.5.2.0
MinimumVisualStudioVersion = 10.0.40219.1
Project("{FAE04EC0-301F-11D3-BF4B-00C04F79EFBC}") = "aspnetserver", "aspnetserver.csproj", "{251D1473-1DD6-AAC6-BFA1-CFF8E249C5FC}"
EndProject
Global
	GlobalSection(SolutionConfigurationPlatforms) = preSolution
		Debug|Any CPU = Debug|Any CPU
		Release|Any CPU = Release|Any CPU
	EndGlobalSection
	GlobalSection(ProjectConfigurationPlatforms) = postSolution
		{251D1473-1DD6-AAC6-BFA1-CFF8E249C5FC}.Debug|Any CPU.ActiveCfg = Debug|Any CPU
		{251D1473-1DD6-AAC6-BFA1-CFF8E249C5FC}.Debug|Any CPU.Build.0 = Debug|Any CPU
		{251D1473-1DD6-AAC6-BFA1-CFF8E249C5FC}.Release|Any CPU.ActiveCfg = Release|Any CPU
		{251D1473-1DD6-AAC6-BFA1-CFF8E249C5FC}.Release|Any CPU.Build.0 = Release|Any CPU
	EndGlobalSection
	GlobalSection(SolutionProperties) = preSolution
		HideSolutionNode = FALSE
	EndGlobalSection
	GlobalSection(ExtensibilityGlobals) = postSolution
		SolutionGuid = {8048B3DE-50EA-4C78-B1D3-B9F754C37901}
	EndGlobalSection
EndGlobal
